Microsoft Visual Studio Solution File, Format Version 12.00
# Visual Studio Version 17
VisualStudioVersion = 17.5.2.0
MinimumVisualStudioVersion = 10.0.40219.1
Project("{FAE04EC0-301F-11D3-BF4B-00C04F79EFBC}") = "ASPNetMicroserviceTemplate", "ASPNetMicroserviceTemplate\ASPNetMicroserviceTemplate.csproj", "{7BFA0CD1-0714-D65D-E992-08AFDF33F717}"
EndProject
Global
	GlobalSection(SolutionConfigurationPlatforms) = preSolution
		Debug|Any CPU = Debug|Any CPU
		Release|Any CPU = Release|Any CPU
	EndGlobalSection
	GlobalSection(ProjectConfigurationPlatforms) = postSolution
		{7BFA0CD1-0714-D65D-E992-08AFDF33F717}.Debug|Any CPU.ActiveCfg = Debug|Any CPU
		{7BFA0CD1-0714-D65D-E992-08AFDF33F717}.Debug|Any CPU.Build.0 = Debug|Any CPU
		{7BFA0CD1-0714-D65D-E992-08AFDF33F717}.Release|Any CPU.ActiveCfg = Release|Any CPU
		{7BFA0CD1-0714-D65D-E992-08AFDF33F717}.Release|Any CPU.Build.0 = Release|Any CPU
	EndGlobalSection
	GlobalSection(SolutionProperties) = preSolution
		HideSolutionNode = FALSE
	EndGlobalSection
	GlobalSection(ExtensibilityGlobals) = postSolution
		SolutionGuid = {CB32D47A-BB1F-4183-8A53-BE9578AB28C8}
	EndGlobalSection
EndGlobal
